{
  "name": "cylinders",
  "version": "1.0.0",
  "lockfileVersion": 1,
  "requires": true,
  "dependencies": {
    "retyped-threejs-tsd-ambient": {
      "version": "0.0.0-0",
      "resolved": "https://registry.npmjs.org/retyped-threejs-tsd-ambient/-/retyped-threejs-tsd-ambient-0.0.0-0.tgz",
      "integrity": "sha1-8vA2wl959u23or5Nuj2Np9p96Cs=",
      "dev": true
    }
  }
}
